
Microsoft Visual Studio Solution File, Format Version 12.00
# Visual Studio Version 16
VisualStudioVersion = 16.0.31129.286
MinimumVisualStudioVersion = 10.0.40219.1
Project("{9A19103F-16F7-4668-BE54-9A1E7A4F7556}") = "MeePoint", "MeePoint.csproj", "{C1744BF0-1FE6-409E-AE11-CD29C33F7463}"
EndProject
Global
	GlobalSection(SolutionConfigurationPlatforms) = preSolution
		Debug|Any CPU = Debug|Any CPU
		Release|Any CPU = Release|Any CPU
	EndGlobalSection
	GlobalSection(ProjectConfigurationPlatforms) = postSolution
		{C1744BF0-1FE6-409E-AE11-CD29C33F7463}.Debug|Any CPU.ActiveCfg = Debug|Any CPU
		{C1744BF0-1FE6-409E-AE11-CD29C33F7463}.Debug|Any CPU.Build.0 = Debug|Any CPU
		{C1744BF0-1FE6-409E-AE11-CD29C33F7463}.Release|Any CPU.ActiveCfg = Release|Any CPU
		{C1744BF0-1FE6-409E-AE11-CD29C33F7463}.Release|Any CPU.Build.0 = Release|Any CPU
	EndGlobalSection
	GlobalSection(SolutionProperties) = preSolution
		HideSolutionNode = FALSE
	EndGlobalSection
	GlobalSection(ExtensibilityGlobals) = postSolution
		SolutionGuid = {E27AC525-29C5-44EF-81E1-B5F428640086}
	EndGlobalSection
EndGlobal
